
Microsoft Visual Studio Solution File, Format Version 12.00
# Visual Studio Version 16
VisualStudioVersion = 16.0.30804.86
MinimumVisualStudioVersion = 10.0.40219.1
Project("{FAE04EC0-301F-11D3-BF4B-00C04F79EFBC}") = "notify_app", "notify_app\notify_app.csproj", "{CDC462E3-1C3C-43AB-AD46-E37ECCEB19D7}"
EndProject
Global
	GlobalSection(SolutionConfigurationPlatforms) = preSolution
		Debug|Any CPU = Debug|Any CPU
		Release|Any CPU = Release|Any CPU
	EndGlobalSection
	GlobalSection(ProjectConfigurationPlatforms) = postSolution
		{CDC462E3-1C3C-43AB-AD46-E37ECCEB19D7}.Debug|Any CPU.ActiveCfg = Debug|Any CPU
		{CDC462E3-1C3C-43AB-AD46-E37ECCEB19D7}.Debug|Any CPU.Build.0 = Debug|Any CPU
		{CDC462E3-1C3C-43AB-AD46-E37ECCEB19D7}.Release|Any CPU.ActiveCfg = Release|Any CPU
		{CDC462E3-1C3C-43AB-AD46-E37ECCEB19D7}.Release|Any CPU.Build.0 = Release|Any CPU
	EndGlobalSection
	GlobalSection(SolutionProperties) = preSolution
		HideSolutionNode = FALSE
	EndGlobalSection
	GlobalSection(ExtensibilityGlobals) = postSolution
		SolutionGuid = {356F174D-3BCA-487A-94ED-F2DD445BA09A}
	EndGlobalSection
EndGlobal
